// !$*UTF8*$!
{
	archiveVersion = 1;
	classes = {
	};
	objectVersion = 48;
	objects = {

/* Begin PBXBuildFile section */
		4A933F5E199D48A4584BE70A /* Pods_snapchatclone.framework in Frameworks */ = {isa = PBXBuildFile; fileRef = C12BC592F0D94C931F296BEB /* Pods_snapchatclone.framework */; };
		521CE6C01F0FD3920031335C /* AppDelegate.swift in Sources */ = {isa = PBXBuildFile; fileRef = 521CE6BF1F0FD3920031335C /* AppDelegate.swift */; };
		521CE6C21F0FD3920031335C /* SignInViewController.swift in Sources */ = {isa = PBXBuildFile; fileRef = 521CE6C11F0FD3920031335C /* SignInViewController.swift */; };
		521CE6C51F0FD3920031335C /* Main.storyboard in Resources */ = {isa = PBXBuildFile; fileRef = 521CE6C31F0FD3920031335C /* Main.storyboard */; };
		521CE6C71F0FD3920031335C /* Assets.xcassets in Resources */ = {isa = PBXBuildFile; fileRef = 521CE6C61F0FD3920031335C /* Assets.xcassets */; };
		521CE6CA1F0FD3920031335C /* LaunchScreen.storyboard in Resources */ = {isa = PBXBuildFile; fileRef = 521CE6C81F0FD3920031335C /* LaunchScreen.storyboard */; };
		521CE6D51F0FD3920031335C /* snapchatcloneTests.swift in Sources */ = {isa = PBXBuildFile; fileRef = 521CE6D41F0FD3920031335C /* snapchatcloneTests.swift */; };
		521CE6E01F0FD3920031335C /* snapchatcloneUITests.swift in Sources */ = {isa = PBXBuildFile; fileRef = 521CE6DF1F0FD3920031335C /* snapchatcloneUITests.swift */; };
		5263107C1F155EBE0087EB69 /* GoogleService-Info.plist in Resources */ = {isa = PBXBuildFile; fileRef = 5263107B1F155EBE0087EB69 /* GoogleService-Info.plist */; };
		526CB3B31F16A0BB009A0D06 /* SelectUserViewController.swift in Sources */ = {isa = PBXBuildFile; fileRef = 526CB3B21F16A0BB009A0D06 /* SelectUserViewController.swift */; };
		526CB3B51F16A581009A0D06 /* User.swift in Sources */ = {isa = PBXBuildFile; fileRef = 526CB3B41F16A581009A0D06 /* User.swift */; };
		526CB3B91F17AB63009A0D06 /* snap.swift in Sources */ = {isa = PBXBuildFile; fileRef = 526CB3B81F17AB63009A0D06 /* snap.swift */; };
		526CB3BB1F17B096009A0D06 /* ViewSnapController.swift in Sources */ = {isa = PBXBuildFile; fileRef = 526CB3BA1F17B096009A0D06 /* ViewSnapController.swift */; };
		526CB3C21F17F5D0009A0D06 /* Screen Shot 2017-07-13 at 2.38.42 PM.png in Resources */ = {isa = PBXBuildFile; fileRef = 526CB3C11F17F5D0009A0D06 /* Screen Shot 2017-07-13 at 2.38.42 PM.png */; };
		52B4E87E1F1572CC00095FB6 /* SnapsViewController.swift in Sources */ = {isa = PBXBuildFile; fileRef = 52B4E87D1F1572CC00095FB6 /* SnapsViewController.swift */; };
		52B4E8821F15753C00095FB6 /* PictureViewController.swift in Sources */ = {isa = PBXBuildFile; fileRef = 52B4E8811F15753C00095FB6 /* PictureViewController.swift */; };
/* End PBXBuildFile section */

/* Begin PBXContainerItemProxy section */
		521CE6D11F0FD3920031335C /* PBXContainerItemProxy */ = {
			isa = PBXContainerItemProxy;
			containerPortal = 521CE6B41F0FD3920031335C /* Project object */;
			proxyType = 1;
			remoteGlobalIDString = 521CE6BB1F0FD3920031335C;
			remoteInfo = snapchatclone;
		};
		521CE6DC1F0FD3920031335C /* PBXContainerItemProxy */ = {
			isa = PBXContainerItemProxy;
			containerPortal = 521CE6B41F0FD3920031335C /* Project object */;
			proxyType = 1;
			remoteGlobalIDString = 521CE6BB1F0FD3920031335C;
			remoteInfo = snapchatclone;
		};
/* End PBXContainerItemProxy section */

/* Begin PBXFileReference section */
		27E1EDF5F223F146B8E4FD40 /* Pods-snapchatclone.debug.xcconfig */ = {isa = PBXFileReference; includeInIndex = 1; lastKnownFileType = text.xcconfig; name = "Pods-snapchatclone.debug.xcconfig"; path = "Pods/Target Support Files/Pods-snapchatclone/Pods-snapchatclone.debug.xcconfig"; sourceTree = "<group>"; };
		3CAD43AD31088E3F57C1F5AA /* Pods_snapchatcloneTests.framework */ = {isa = PBXFileReference; explicitFileType = wrapper.framework; includeInIndex = 0; path = Pods_snapchatcloneTests.framework; sourceTree = BUILT_PRODUCTS_DIR; };
		415EBB6694AEA61BF87AEF10 /* Pods_snapchatcloneUITests.framework */ = {isa = PBXFileReference; explicitFileType = wrapper.framework; includeInIndex = 0; path = Pods_snapchatcloneUITests.framework; sourceTree = BUILT_PRODUCTS_DIR; };
		521CE6BC1F0FD3920031335C /* snapchatclone.app */ = {isa = PBXFileReference; explicitFileType = wrapper.application; includeInIndex = 0; path = snapchatclone.app; sourceTree = BUILT_PRODUCTS_DIR; };
		521CE6BF1F0FD3920031335C /* AppDelegate.swift */ = {isa = PBXFileReference; lastKnownFileType = sourcecode.swift; path = AppDelegate.swift; sourceTree = "<group>"; };
		521CE6C11F0FD3920031335C /* SignInViewController.swift */ = {isa = PBXFileReference; lastKnownFileType = sourcecode.swift; path = SignInViewController.swift; sourceTree = "<group>"; };
		521CE6C41F0FD3920031335C /* Base */ = {isa = PBXFileReference; lastKnownFileType = file.storyboard; name = Base; path = Base.lproj/Main.storyboard; sourceTree = "<group>"; };
		521CE6C61F0FD3920031335C /* Assets.xcassets */ = {isa = PBXFileReference; lastKnownFileType = folder.assetcatalog; path = Assets.xcassets; sourceTree = "<group>"; };
		521CE6C91F0FD3920031335C /* Base */ = {isa = PBXFileReference; lastKnownFileType = file.storyboard; name = Base; path = Base.lproj/LaunchScreen.storyboard; sourceTree = "<group>"; };
		521CE6CB1F0FD3920031335C /* Info.plist */ = {isa = PBXFileReference; lastKnownFileType = text.plist.xml; path = Info.plist; sourceTree = "<group>"; };
		521CE6D01F0FD3920031335C /* snapchatcloneTests.xctest */ = {isa = PBXFileReference; explicitFileType = wrapper.cfbundle; includeInIndex = 0; path = snapchatcloneTests.xctest; sourceTree = BUILT_PRODUCTS_DIR; };
		521CE6D41F0FD3920031335C /* snapchatcloneTests.swift */ = {isa = PBXFileReference; lastKnownFileType = sourcecode.swift; path = snapchatcloneTests.swift; sourceTree = "<group>"; };
		521CE6D61F0FD3920031335C /* Info.plist */ = {isa = PBXFileReference; lastKnownFileType = text.plist.xml; path = Info.plist; sourceTree = "<group>"; };
		521CE6DB1F0FD3920031335C /* snapchatcloneUITests.xctest */ = {isa = PBXFileReference; explicitFileType = wrapper.cfbundle; includeInIndex = 0; path = snapchatcloneUITests.xctest; sourceTree = BUILT_PRODUCTS_DIR; };
		521CE6DF1F0FD3920031335C /* snapchatcloneUITests.swift */ = {isa = PBXFileReference; lastKnownFileType = sourcecode.swift; path = snapchatcloneUITests.swift; sourceTree = "<group>"; };
		521CE6E11F0FD3920031335C /* Info.plist */ = {isa = PBXFileReference; lastKnownFileType = text.plist.xml; path = Info.plist; sourceTree = "<group>"; };
		5263107B1F155EBE0087EB69 /* GoogleService-Info.plist */ = {isa = PBXFileReference; fileEncoding = 4; lastKnownFileType = text.plist.xml; path = "GoogleService-Info.plist"; sourceTree = "<group>"; };
		526CB3B21F16A0BB009A0D06 /* SelectUserViewController.swift */ = {isa = PBXFileReference; lastKnownFileType = sourcecode.swift; path = SelectUserViewController.swift; sourceTree = "<group>"; };
		526CB3B41F16A581009A0D06 /* User.swift */ = {isa = PBXFileReference; lastKnownFileType = sourcecode.swift; path = User.swift; sourceTree = "<group>"; };
		526CB3B81F17AB63009A0D06 /* snap.swift */ = {isa = PBXFileReference; lastKnownFileType = sourcecode.swift; path = snap.swift; sourceTree = "<group>"; };
		526CB3BA1F17B096009A0D06 /* ViewSnapController.swift */ = {isa = PBXFileReference; lastKnownFileType = sourcecode.swift; path = ViewSnapController.swift; sourceTree = "<group>"; };
		526CB3BC1F17B6C3009A0D06 /* SDWebImage.framework */ = {isa = PBXFileReference; lastKnownFileType = wrapper.framework; name = SDWebImage.framework; path = "Pods/../build/Release-iphoneos/SDWebImage/SDWebImage.framework"; sourceTree = "<group>"; };
		526CB3C11F17F5D0009A0D06 /* Screen Shot 2017-07-13 at 2.38.42 PM.png */ = {isa = PBXFileReference; lastKnownFileType = image.png; name = "Screen Shot 2017-07-13 at 2.38.42 PM.png"; path = "../../../Desktop/Screen Shot 2017-07-13 at 2.38.42 PM.png"; sourceTree = "<group>"; };
		52B4E87D1F1572CC00095FB6 /* SnapsViewController.swift */ = {isa = PBXFileReference; fileEncoding = 4; lastKnownFileType = sourcecode.swift; path = SnapsViewController.swift; sourceTree = "<group>"; };
		52B4E8811F15753C00095FB6 /* PictureViewController.swift */ = {isa = PBXFileReference; fileEncoding = 4; lastKnownFileType = sourcecode.swift; path = PictureViewController.swift; sourceTree = "<group>"; };
		B35FB322ADC89EA5114D7EC3 /* Pods-snapchatclone.release.xcconfig */ = {isa = PBXFileReference; includeInIndex = 1; lastKnownFileType = text.xcconfig; name = "Pods-snapchatclone.release.xcconfig"; path = "Pods/Target Support Files/Pods-snapchatclone/Pods-snapchatclone.release.xcconfig"; sourceTree = "<group>"; };
		C12BC592F0D94C931F296BEB /* Pods_snapchatclone.framework */ = {isa = PBXFileReference; explicitFileType = wrapper.framework; includeInIndex = 0; path = Pods_snapchatclone.framework; sourceTree = BUILT_PRODUCTS_DIR; };
/* End PBXFileReference section */

/* Begin PBXFrameworksBuildPhase section */
		521CE6B91F0FD3920031335C /* Frameworks */ = {
			isa = PBXFrameworksBuildPhase;
			buildActionMask = 2147483647;
			files = (
				4A933F5E199D48A4584BE70A /* Pods_snapchatclone.framework in Frameworks */,
			);
			runOnlyForDeploymentPostprocessing = 0;
		};
		521CE6CD1F0FD3920031335C /* Frameworks */ = {
			isa = PBXFrameworksBuildPhase;
			buildActionMask = 2147483647;
			files = (
			);
			runOnlyForDeploymentPostprocessing = 0;
		};
		521CE6D81F0FD3920031335C /* Frameworks */ = {
			isa = PBXFrameworksBuildPhase;
			buildActionMask = 2147483647;
			files = (
			);
			runOnlyForDeploymentPostprocessing = 0;
		};
/* End PBXFrameworksBuildPhase section */

/* Begin PBXGroup section */
		2BD880D80F6988735EEAF20C /* Frameworks */ = {
			isa = PBXGroup;
			children = (
				526CB3BC1F17B6C3009A0D06 /* SDWebImage.framework */,
				C12BC592F0D94C931F296BEB /* Pods_snapchatclone.framework */,
				3CAD43AD31088E3F57C1F5AA /* Pods_snapchatcloneTests.framework */,
				415EBB6694AEA61BF87AEF10 /* Pods_snapchatcloneUITests.framework */,
			);
			name = Frameworks;
			sourceTree = "<group>";
		};
		521CE6B31F0FD3920031335C = {
			isa = PBXGroup;
			children = (
				521CE6BE1F0FD3920031335C /* snapchatclone */,
				521CE6D31F0FD3920031335C /* snapchatcloneTests */,
				521CE6DE1F0FD3920031335C /* snapchatcloneUITests */,
				521CE6BD1F0FD3920031335C /* Products */,
				DB89E7DCE368E05988AFE246 /* Pods */,
				2BD880D80F6988735EEAF20C /* Frameworks */,
			);
			sourceTree = "<group>";
		};
		521CE6BD1F0FD3920031335C /* Products */ = {
			isa = PBXGroup;
			children = (
				521CE6BC1F0FD3920031335C /* snapchatclone.app */,
				521CE6D01F0FD3920031335C /* snapchatcloneTests.xctest */,
				521CE6DB1F0FD3920031335C /* snapchatcloneUITests.xctest */,
			);
			name = Products;
			sourceTree = "<group>";
		};
		521CE6BE1F0FD3920031335C /* snapchatclone */ = {
			isa = PBXGroup;
			children = (
				526CB3B71F16A5C8009A0D06 /* Models */,
				526CB3B61F16A5A3009A0D06 /* ViewControllers */,
				521CE6C31F0FD3920031335C /* Main.storyboard */,
				526CB3C11F17F5D0009A0D06 /* Screen Shot 2017-07-13 at 2.38.42 PM.png */,
				521CE6C61F0FD3920031335C /* Assets.xcassets */,
				521CE6C81F0FD3920031335C /* LaunchScreen.storyboard */,
				5263107B1F155EBE0087EB69 /* GoogleService-Info.plist */,
				521CE6CB1F0FD3920031335C /* Info.plist */,
			);
			path = snapchatclone;
			sourceTree = "<group>";
		};
		521CE6D31F0FD3920031335C /* snapchatcloneTests */ = {
			isa = PBXGroup;
			children = (
				521CE6D41F0FD3920031335C /* snapchatcloneTests.swift */,
				521CE6D61F0FD3920031335C /* Info.plist */,
			);
			path = snapchatcloneTests;
			sourceTree = "<group>";
		};
		521CE6DE1F0FD3920031335C /* snapchatcloneUITests */ = {
			isa = PBXGroup;
			children = (
				521CE6DF1F0FD3920031335C /* snapchatcloneUITests.swift */,
				521CE6E11F0FD3920031335C /* Info.plist */,
			);
			path = snapchatcloneUITests;
			sourceTree = "<group>";
		};
		526CB3B61F16A5A3009A0D06 /* ViewControllers */ = {
			isa = PBXGroup;
			children = (
				521CE6BF1F0FD3920031335C /* AppDelegate.swift */,
				521CE6C11F0FD3920031335C /* SignInViewController.swift */,
				52B4E87D1F1572CC00095FB6 /* SnapsViewController.swift */,
				526CB3BA1F17B096009A0D06 /* ViewSnapController.swift */,
				52B4E8811F15753C00095FB6 /* PictureViewController.swift */,
				526CB3B21F16A0BB009A0D06 /* SelectUserViewController.swift */,
			);
			path = ViewControllers;
			sourceTree = "<group>";
		};
		526CB3B71F16A5C8009A0D06 /* Models */ = {
			isa = PBXGroup;
			children = (
				526CB3B41F16A581009A0D06 /* User.swift */,
				526CB3B81F17AB63009A0D06 /* snap.swift */,
			);
			path = Models;
			sourceTree = "<group>";
		};
		DB89E7DCE368E05988AFE246 /* Pods */ = {
			isa = PBXGroup;
			children = (
				27E1EDF5F223F146B8E4FD40 /* Pods-snapchatclone.debug.xcconfig */,
				B35FB322ADC89EA5114D7EC3 /* Pods-snapchatclone.release.xcconfig */,
			);
			name = Pods;
			sourceTree = "<group>";
		};
/* End PBXGroup section */

/* Begin PBXNativeTarget section */
		521CE6BB1F0FD3920031335C /* snapchatclone */ = {
			isa = PBXNativeTarget;
			buildConfigurationList = 521CE6E41F0FD3920031335C /* Build configuration list for PBXNativeTarget "snapchatclone" */;
			buildPhases = (
				B9B8E696AB45F0A619E653C9 /* [CP] Check Pods Manifest.lock */,
				521CE6B81F0FD3920031335C /* Sources */,
				521CE6B91F0FD3920031335C /* Frameworks */,
				521CE6BA1F0FD3920031335C /* Resources */,
				21EBE1B617EBA4F122FE00C2 /* [CP] Embed Pods Frameworks */,
				196D7737EC6FEB9478C0F668 /* [CP] Copy Pods Resources */,
			);
			buildRules = (
			);
			dependencies = (
			);
			name = snapchatclone;
			productName = snapchatclone;
			productReference = 521CE6BC1F0FD3920031335C /* snapchatclone.app */;
			productType = "com.apple.product-type.application";
		};
		521CE6CF1F0FD3920031335C /* snapchatcloneTests */ = {
			isa = PBXNativeTarget;
			buildConfigurationList = 521CE6E71F0FD3920031335C /* Build configuration list for PBXNativeTarget "snapchatcloneTests" */;
			buildPhases = (
				521CE6CC1F0FD3920031335C /* Sources */,
				521CE6CD1F0FD3920031335C /* Frameworks */,
				521CE6CE1F0FD3920031335C /* Resources */,
			);
			buildRules = (
			);
			dependencies = (
				521CE6D21F0FD3920031335C /* PBXTargetDependency */,
			);
			name = snapchatcloneTests;
			productName = snapchatcloneTests;
			productReference = 521CE6D01F0FD3920031335C /* snapchatcloneTests.xctest */;
			productType = "com.apple.product-type.bundle.unit-test";
		};
		521CE6DA1F0FD3920031335C /* snapchatcloneUITests */ = {
			isa = PBXNativeTarget;
			buildConfigurationList = 521CE6EA1F0FD3920031335C /* Build configuration list for PBXNativeTarget "snapchatcloneUITests" */;
			buildPhases = (
				521CE6D71F0FD3920031335C /* Sources */,
				521CE6D81F0FD3920031335C /* Frameworks */,
				521CE6D91F0FD3920031335C /* Resources */,
			);
			buildRules = (
			);
			dependencies = (
				521CE6DD1F0FD3920031335C /* PBXTargetDependency */,
			);
			name = snapchatcloneUITests;
			productName = snapchatcloneUITests;
			productReference = 521CE6DB1F0FD3920031335C /* snapchatcloneUITests.xctest */;
			productType = "com.apple.product-type.bundle.ui-testing";
		};
/* End PBXNativeTarget section */

/* Begin PBXProject section */
		521CE6B41F0FD3920031335C /* Project object */ = {
			isa = PBXProject;
			attributes = {
				LastSwiftUpdateCheck = 0900;
				LastUpgradeCheck = 0900;
				ORGANIZATIONNAME = "John Fantell";
				TargetAttributes = {
					521CE6BB1F0FD3920031335C = {
						CreatedOnToolsVersion = 9.0;
						LastSwiftMigration = 0900;
					};
					521CE6CF1F0FD3920031335C = {
						CreatedOnToolsVersion = 9.0;
						LastSwiftMigration = 0900;
						TestTargetID = 521CE6BB1F0FD3920031335C;
					};
					521CE6DA1F0FD3920031335C = {
						CreatedOnToolsVersion = 9.0;
						LastSwiftMigration = 0900;
						TestTargetID = 521CE6BB1F0FD3920031335C;
					};
				};
			};
			buildConfigurationList = 521CE6B71F0FD3920031335C /* Build configuration list for PBXProject "snapchatclone" */;
			compatibilityVersion = "Xcode 8.0";
			developmentRegion = en;
			hasScannedForEncodings = 0;
			knownRegions = (
				en,
				Base,
			);
			mainGroup = 521CE6B31F0FD3920031335C;
			productRefGroup = 521CE6BD1F0FD3920031335C /* Products */;
			projectDirPath = "";
			projectRoot = "";
			targets = (
				521CE6BB1F0FD3920031335C /* snapchatclone */,
				521CE6CF1F0FD3920031335C /* snapchatcloneTests */,
				521CE6DA1F0FD3920031335C /* snapchatcloneUITests */,
			);
		};
/* End PBXProject section */

/* Begin PBXResourcesBuildPhase section */
		521CE6BA1F0FD3920031335C /* Resources */ = {
			isa = PBXResourcesBuildPhase;
			buildActionMask = 2147483647;
			files = (
				521CE6CA1F0FD3920031335C /* LaunchScreen.storyboard in Resources */,
				526CB3C21F17F5D0009A0D06 /* Screen Shot 2017-07-13 at 2.38.42 PM.png in Resources */,
				5263107C1F155EBE0087EB69 /* GoogleService-Info.plist in Resources */,
				521CE6C71F0FD3920031335C /* Assets.xcassets in Resources */,
				521CE6C51F0FD3920031335C /* Main.storyboard in Resources */,
			);
			runOnlyForDeploymentPostprocessing = 0;
		};
		521CE6CE1F0FD3920031335C /* Resources */ = {
			isa = PBXResourcesBuildPhase;
			buildActionMask = 2147483647;
			files = (
			);
			runOnlyForDeploymentPostprocessing = 0;
		};
		521CE6D91F0FD3920031335C /* Resources */ = {
			isa = PBXResourcesBuildPhase;
			buildActionMask = 2147483647;
			files = (
			);
			runOnlyForDeploymentPostprocessing = 0;
		};
/* End PBXResourcesBuildPhase section */

/* Begin PBXShellScriptBuildPhase section */
		196D7737EC6FEB9478C0F668 /* [CP] Copy Pods Resources */ = {
			isa = PBXShellScriptBuildPhase;
			buildActionMask = 2147483647;
			files = (
			);
			inputPaths = (
			);
			name = "[CP] Copy Pods Resources";
			outputPaths = (
			);
			runOnlyForDeploymentPostprocessing = 0;
			shellPath = /bin/sh;
			shellScript = "\"${SRCROOT}/Pods/Target Support Files/Pods-snapchatclone/Pods-snapchatclone-resources.sh\"\n";
			showEnvVarsInLog = 0;
		};
		21EBE1B617EBA4F122FE00C2 /* [CP] Embed Pods Frameworks */ = {
			isa = PBXShellScriptBuildPhase;
			buildActionMask = 2147483647;
			files = (
			);
			inputPaths = (
			);
			name = "[CP] Embed Pods Frameworks";
			outputPaths = (
			);
			runOnlyForDeploymentPostprocessing = 0;
			shellPath = /bin/sh;
			shellScript = "\"${SRCROOT}/Pods/Target Support Files/Pods-snapchatclone/Pods-snapchatclone-frameworks.sh\"\n";
			showEnvVarsInLog = 0;
		};
		B9B8E696AB45F0A619E653C9 /* [CP] Check Pods Manifest.lock */ = {
			isa = PBXShellScriptBuildPhase;
			buildActionMask = 2147483647;
			files = (
			);
			inputPaths = (
			);
			name = "[CP] Check Pods Manifest.lock";
			outputPaths = (
			);
			runOnlyForDeploymentPostprocessing = 0;
			shellPath = /bin/sh;
			shellScript = "diff \"${PODS_PODFILE_DIR_PATH}/Podfile.lock\" \"${PODS_ROOT}/Manifest.lock\" > /dev/null\nif [ $? != 0 ] ; then\n    # print error to STDERR\n    echo \"error: The sandbox is not in sync with the Podfile.lock. Run 'pod install' or update your CocoaPods installation.\" >&2\n    exit 1\nfi\n";
			showEnvVarsInLog = 0;
		};
/* End PBXShellScriptBuildPhase section */

/* Begin PBXSourcesBuildPhase section */
		521CE6B81F0FD3920031335C /* Sources */ = {
			isa = PBXSourcesBuildPhase;
			buildActionMask = 2147483647;
			files = (
				526CB3B91F17AB63009A0D06 /* snap.swift in Sources */,
				521CE6C21F0FD3920031335C /* SignInViewController.swift in Sources */,
				52B4E8821F15753C00095FB6 /* PictureViewController.swift in Sources */,
				526CB3B51F16A581009A0D06 /* User.swift in Sources */,
				526CB3BB1F17B096009A0D06 /* ViewSnapController.swift in Sources */,
				526CB3B31F16A0BB009A0D06 /* SelectUserViewController.swift in Sources */,
				521CE6C01F0FD3920031335C /* AppDelegate.swift in Sources */,
				52B4E87E1F1572CC00095FB6 /* SnapsViewController.swift in Sources */,
			);
			runOnlyForDeploymentPostprocessing = 0;
		};
		521CE6CC1F0FD3920031335C /* Sources */ = {
			isa = PBXSourcesBuildPhase;
			buildActionMask = 2147483647;
			files = (
				521CE6D51F0FD3920031335C /* snapchatcloneTests.swift in Sources */,
			);
			runOnlyForDeploymentPostprocessing = 0;
		};
		521CE6D71F0FD3920031335C /* Sources */ = {
			isa = PBXSourcesBuildPhase;
			buildActionMask = 2147483647;
			files = (
				521CE6E01F0FD3920031335C /* snapchatcloneUITests.swift in Sources */,
			);
			runOnlyForDeploymentPostprocessing = 0;
		};
/* End PBXSourcesBuildPhase section */

/* Begin PBXTargetDependency section */
		521CE6D21F0FD3920031335C /* PBXTargetDependency */ = {
			isa = PBXTargetDependency;
			target = 521CE6BB1F0FD3920031335C /* snapchatclone */;
			targetProxy = 521CE6D11F0FD3920031335C /* PBXContainerItemProxy */;
		};
		521CE6DD1F0FD3920031335C /* PBXTargetDependency */ = {
			isa = PBXTargetDependency;
			target = 521CE6BB1F0FD3920031335C /* snapchatclone */;
			targetProxy = 521CE6DC1F0FD3920031335C /* PBXContainerItemProxy */;
		};
/* End PBXTargetDependency section */

/* Begin PBXVariantGroup section */
		521CE6C31F0FD3920031335C /* Main.storyboard */ = {
			isa = PBXVariantGroup;
			children = (
				521CE6C41F0FD3920031335C /* Base */,
			);
			name = Main.storyboard;
			sourceTree = "<group>";
		};
		521CE6C81F0FD3920031335C /* LaunchScreen.storyboard */ = {
			isa = PBXVariantGroup;
			children = (
				521CE6C91F0FD3920031335C /* Base */,
			);
			name = LaunchScreen.storyboard;
			sourceTree = "<group>";
		};
/* End PBXVariantGroup section */

/* Begin XCBuildConfiguration section */
		521CE6E21F0FD3920031335C /* Debug */ = {
			isa = XCBuildConfiguration;
			buildSettings = {
				ALWAYS_SEARCH_USER_PATHS = NO;
				CLANG_ANALYZER_NONNULL = YES;
				CLANG_ANALYZER_NUMBER_OBJECT_CONVERSION = YES_AGGRESSIVE;
				CLANG_CXX_LANGUAGE_STANDARD = "gnu++14";
				CLANG_CXX_LIBRARY = "libc++";
				CLANG_ENABLE_MODULES = YES;
				CLANG_ENABLE_OBJC_ARC = YES;
				CLANG_WARN_BLOCK_CAPTURE_AUTORELEASING = YES;
				CLANG_WARN_BOOL_CONVERSION = YES;
				CLANG_WARN_COMMA = YES;
				CLANG_WARN_CONSTANT_CONVERSION = YES;
				CLANG_WARN_DIRECT_OBJC_ISA_USAGE = YES_ERROR;
				CLANG_WARN_DOCUMENTATION_COMMENTS = YES;
				CLANG_WARN_EMPTY_BODY = YES;
				CLANG_WARN_ENUM_CONVERSION = YES;
				CLANG_WARN_INFINITE_RECURSION = YES;
				CLANG_WARN_INT_CONVERSION = YES;
				CLANG_WARN_NON_LITERAL_NULL_CONVERSION = YES;
				CLANG_WARN_OBJC_LITERAL_CONVERSION = YES;
				CLANG_WARN_OBJC_ROOT_CLASS = YES_ERROR;
				CLANG_WARN_RANGE_LOOP_ANALYSIS = YES;
				CLANG_WARN_STRICT_PROTOTYPES = YES;
				CLANG_WARN_SUSPICIOUS_MOVE = YES;
				CLANG_WARN_UNGUARDED_AVAILABILITY = YES_AGGRESSIVE;
				CLANG_WARN_UNREACHABLE_CODE = YES;
				CLANG_WARN__DUPLICATE_METHOD_MATCH = YES;
				CODE_SIGN_IDENTITY = "iPhone Developer";
				COPY_PHASE_STRIP = NO;
				DEBUG_INFORMATION_FORMAT = dwarf;
				ENABLE_STRICT_OBJC_MSGSEND = YES;
				ENABLE_TESTABILITY = YES;
				GCC_C_LANGUAGE_STANDARD = gnu11;
				GCC_DYNAMIC_NO_PIC = NO;
				GCC_NO_COMMON_BLOCKS = YES;
				GCC_OPTIMIZATION_LEVEL = 0;
				GCC_PREPROCESSOR_DEFINITIONS = (
					"DEBUG=1",
					"$(inherited)",
				);
				GCC_WARN_64_TO_32_BIT_CONVERSION = YES;
				GCC_WARN_ABOUT_RETURN_TYPE = YES_ERROR;
				GCC_WARN_UNDECLARED_SELECTOR = YES;
				GCC_WARN_UNINITIALIZED_AUTOS = YES_AGGRESSIVE;
				GCC_WARN_UNUSED_FUNCTION = YES;
				GCC_WARN_UNUSED_VARIABLE = YES;
				IPHONEOS_DEPLOYMENT_TARGET = 11.0;
				MTL_ENABLE_DEBUG_INFO = YES;
				ONLY_ACTIVE_ARCH = YES;
				SDKROOT = iphoneos;
				SWIFT_ACTIVE_COMPILATION_CONDITIONS = DEBUG;
				SWIFT_OPTIMIZATION_LEVEL = "-Onone";
				SWIFT_VERSION = 4.0;
			};
			name = Debug;
		};
		521CE6E31F0FD3920031335C /* Release */ = {
			isa = XCBuildConfiguration;
			buildSettings = {
				ALWAYS_SEARCH_USER_PATHS = NO;
				CLANG_ANALYZER_NONNULL = YES;
				CLANG_ANALYZER_NUMBER_OBJECT_CONVERSION = YES_AGGRESSIVE;
				CLANG_CXX_LANGUAGE_STANDARD = "gnu++14";
				CLANG_CXX_LIBRARY = "libc++";
				CLANG_ENABLE_MODULES = YES;
				CLANG_ENABLE_OBJC_ARC = YES;
				CLANG_WARN_BLOCK_CAPTURE_AUTORELEASING = YES;
				CLANG_WARN_BOOL_CONVERSION = YES;
				CLANG_WARN_COMMA = YES;
				CLANG_WARN_CONSTANT_CONVERSION = YES;
				CLANG_WARN_DIRECT_OBJC_ISA_USAGE = YES_ERROR;
				CLANG_WARN_DOCUMENTATION_COMMENTS = YES;
				CLANG_WARN_EMPTY_BODY = YES;
				CLANG_WARN_ENUM_CONVERSION = YES;
				CLANG_WARN_INFINITE_RECURSION = YES;
				CLANG_WARN_INT_CONVERSION = YES;
				CLANG_WARN_NON_LITERAL_NULL_CONVERSION = YES;
				CLANG_WARN_OBJC_LITERAL_CONVERSION = YES;
				CLANG_WARN_OBJC_ROOT_CLASS = YES_ERROR;
				CLANG_WARN_RANGE_LOOP_ANALYSIS = YES;
				CLANG_WARN_STRICT_PROTOTYPES = YES;
				CLANG_WARN_SUSPICIOUS_MOVE = YES;
				CLANG_WARN_UNGUARDED_AVAILABILITY = YES_AGGRESSIVE;
				CLANG_WARN_UNREACHABLE_CODE = YES;
				CLANG_WARN__DUPLICATE_METHOD_MATCH = YES;
				CODE_SIGN_IDENTITY = "iPhone Developer";
				COPY_PHASE_STRIP = NO;
				DEBUG_INFORMATION_FORMAT = "dwarf-with-dsym";
				ENABLE_NS_ASSERTIONS = NO;
				ENABLE_STRICT_OBJC_MSGSEND = YES;
				GCC_C_LANGUAGE_STANDARD = gnu11;
				GCC_NO_COMMON_BLOCKS = YES;
				GCC_WARN_64_TO_32_BIT_CONVERSION = YES;
				GCC_WARN_ABOUT_RETURN_TYPE = YES_ERROR;
				GCC_WARN_UNDECLARED_SELECTOR = YES;
				GCC_WARN_UNINITIALIZED_AUTOS = YES_AGGRESSIVE;
				GCC_WARN_UNUSED_FUNCTION = YES;
				GCC_WARN_UNUSED_VARIABLE = YES;
				IPHONEOS_DEPLOYMENT_TARGET = 11.0;
				MTL_ENABLE_DEBUG_INFO = NO;
				SDKROOT = iphoneos;
				SWIFT_OPTIMIZATION_LEVEL = "-Owholemodule";
				SWIFT_VERSION = 4.0;
				VALIDATE_PRODUCT = YES;
			};
			name = Release;
		};
		521CE6E51F0FD3920031335C /* Debug */ = {
			isa = XCBuildConfiguration;
			baseConfigurationReference = 27E1EDF5F223F146B8E4FD40 /* Pods-snapchatclone.debug.xcconfig */;
			buildSettings = {
				ASSETCATALOG_COMPILER_APPICON_NAME = AppIcon;
				DEVELOPMENT_TEAM = 27KFYYN5Z5;
				INFOPLIST_FILE = snapchatclone/Info.plist;
				LD_RUNPATH_SEARCH_PATHS = "$(inherited) @executable_path/Frameworks";
				PRODUCT_BUNDLE_IDENTIFIER = com.jcf.snapchatclone;
				PRODUCT_NAME = "$(TARGET_NAME)";
				SWIFT_VERSION = 4.0;
				TARGETED_DEVICE_FAMILY = "1,2";
			};
			name = Debug;
		};
		521CE6E61F0FD3920031335C /* Release */ = {
			isa = XCBuildConfiguration;
			baseConfigurationReference = B35FB322ADC89EA5114D7EC3 /* Pods-snapchatclone.release.xcconfig */;
			buildSettings = {
				ASSETCATALOG_COMPILER_APPICON_NAME = AppIcon;
				DEVELOPMENT_TEAM = 27KFYYN5Z5;
				INFOPLIST_FILE = snapchatclone/Info.plist;
				LD_RUNPATH_SEARCH_PATHS = "$(inherited) @executable_path/Frameworks";
				PRODUCT_BUNDLE_IDENTIFIER = com.jcf.snapchatclone;
				PRODUCT_NAME = "$(TARGET_NAME)";
				SWIFT_VERSION = 4.0;
				TARGETED_DEVICE_FAMILY = "1,2";
			};
			name = Release;
		};
		521CE6E81F0FD3920031335C /* Debug */ = {
			isa = XCBuildConfiguration;
			buildSettings = {
				ALWAYS_EMBED_SWIFT_STANDARD_LIBRARIES = YES;
				BUNDLE_LOADER = "$(TEST_HOST)";
				INFOPLIST_FILE = snapchatcloneTests/Info.plist;
				IPHONEOS_DEPLOYMENT_TARGET = 10.3;
				LD_RUNPATH_SEARCH_PATHS = "$(inherited) @executable_path/Frameworks @loader_path/Frameworks";
				PRODUCT_BUNDLE_IDENTIFIER = com.jcf.snapchatcloneTests;
				PRODUCT_NAME = "$(TARGET_NAME)";
				SWIFT_VERSION = 4.0;
				TARGETED_DEVICE_FAMILY = "1,2";
				TEST_HOST = "$(BUILT_PRODUCTS_DIR)/snapchatclone.app/snapchatclone";
			};
			name = Debug;
		};
		521CE6E91F0FD3920031335C /* Release */ = {
			isa = XCBuildConfiguration;
			buildSettings = {
				ALWAYS_EMBED_SWIFT_STANDARD_LIBRARIES = YES;
				BUNDLE_LOADER = "$(TEST_HOST)";
				INFOPLIST_FILE = snapchatcloneTests/Info.plist;
				IPHONEOS_DEPLOYMENT_TARGET = 10.3;
				LD_RUNPATH_SEARCH_PATHS = "$(inherited) @executable_path/Frameworks @loader_path/Frameworks";
				PRODUCT_BUNDLE_IDENTIFIER = com.jcf.snapchatcloneTests;
				PRODUCT_NAME = "$(TARGET_NAME)";
				SWIFT_VERSION = 4.0;
				TARGETED_DEVICE_FAMILY = "1,2";
				TEST_HOST = "$(BUILT_PRODUCTS_DIR)/snapchatclone.app/snapchatclone";
			};
			name = Release;
		};
		521CE6EB1F0FD3920031335C /* Debug */ = {
			isa = XCBuildConfiguration;
			buildSettings = {
				ALWAYS_EMBED_SWIFT_STANDARD_LIBRARIES = YES;
				INFOPLIST_FILE = snapchatcloneUITests/Info.plist;
				LD_RUNPATH_SEARCH_PATHS = "$(inherited) @executable_path/Frameworks @loader_path/Frameworks";
				PRODUCT_BUNDLE_IDENTIFIER = com.jcf.snapchatcloneUITests;
				PRODUCT_NAME = "$(TARGET_NAME)";
				SWIFT_VERSION = 4.0;
				TARGETED_DEVICE_FAMILY = "1,2";
				TEST_TARGET_NAME = snapchatclone;
			};
			name = Debug;
		};
		521CE6EC1F0FD3920031335C /* Release */ = {
			isa = XCBuildConfiguration;
			buildSettings = {
				ALWAYS_EMBED_SWIFT_STANDARD_LIBRARIES = YES;
				INFOPLIST_FILE = snapchatcloneUITests/Info.plist;
				LD_RUNPATH_SEARCH_PATHS = "$(inherited) @executable_path/Frameworks @loader_path/Frameworks";
				PRODUCT_BUNDLE_IDENTIFIER = com.jcf.snapchatcloneUITests;
				PRODUCT_NAME = "$(TARGET_NAME)";
				SWIFT_VERSION = 4.0;
				TARGETED_DEVICE_FAMILY = "1,2";
				TEST_TARGET_NAME = snapchatclone;
			};
			name = Release;
		};
/* End XCBuildConfiguration section */

/* Begin XCConfigurationList section */
		521CE6B71F0FD3920031335C /* Build configuration list for PBXProject "snapchatclone" */ = {
			isa = XCConfigurationList;
			buildConfigurations = (
				521CE6E21F0FD3920031335C /* Debug */,
				521CE6E31F0FD3920031335C /* Release */,
			);
			defaultConfigurationIsVisible = 0;
			defaultConfigurationName = Release;
		};
		521CE6E41F0FD3920031335C /* Build configuration list for PBXNativeTarget "snapchatclone" */ = {
			isa = XCConfigurationList;
			buildConfigurations = (
				521CE6E51F0FD3920031335C /* Debug */,
				521CE6E61F0FD3920031335C /* Release */,
			);
			defaultConfigurationIsVisible = 0;
			defaultConfigurationName = Release;
		};
		521CE6E71F0FD3920031335C /* Build configuration list for PBXNativeTarget "snapchatcloneTests" */ = {
			isa = XCConfigurationList;
			buildConfigurations = (
				521CE6E81F0FD3920031335C /* Debug */,
				521CE6E91F0FD3920031335C /* Release */,
			);
			defaultConfigurationIsVisible = 0;
			defaultConfigurationName = Release;
		};
		521CE6EA1F0FD3920031335C /* Build configuration list for PBXNativeTarget "snapchatcloneUITests" */ = {
			isa = XCConfigurationList;
			buildConfigurations = (
				521CE6EB1F0FD3920031335C /* Debug */,
				521CE6EC1F0FD3920031335C /* Release */,
			);
			defaultConfigurationIsVisible = 0;
			defaultConfigurationName = Release;
		};
/* End XCConfigurationList section */
	};
	rootObject = 521CE6B41F0FD3920031335C /* Project object */;
}
